# This is a Gradle generated file for dependency locking.
# Manual edits can break the build and are not advised.
# This file is expected to be part of source control.
org.freemarker:freemarker:2.3.23=compileClasspath,runtimeClasspath
org.greenrobot:greendao-generator:3.0.0=compileClasspath,runtimeClasspath
org.jboss.forge.roaster:roaster-api:2.22.2.Final=compileClasspath,runtimeClasspath
org.jboss.forge.roaster:roaster-jdt:2.22.2.Final=compileClasspath,runtimeClasspath
empty=annotationProcessor
